
Microsoft Visual Studio Solution File, Format Version 12.00
# Visual Studio Version 17
VisualStudioVersion = 17.13.35919.96 d17.13
MinimumVisualStudioVersion = 10.0.40219.1
Project("{FAE04EC0-301F-11D3-BF4B-00C04F79EFBC}") = "yuasdw", "yuasdw.csproj", "{84530D75-13A5-4BB9-9454-12A1E3FDB5FB}"
EndProject
Global
	GlobalSection(SolutionConfigurationPlatforms) = preSolution
		Debug|Any CPU = Debug|Any CPU
		Release|Any CPU = Release|Any CPU
	EndGlobalSection
	GlobalSection(ProjectConfigurationPlatforms) = postSolution
		{84530D75-13A5-4BB9-9454-12A1E3FDB5FB}.Debug|Any CPU.ActiveCfg = Debug|Any CPU
		{84530D75-13A5-4BB9-9454-12A1E3FDB5FB}.Debug|Any CPU.Build.0 = Debug|Any CPU
		{84530D75-13A5-4BB9-9454-12A1E3FDB5FB}.Release|Any CPU.ActiveCfg = Release|Any CPU
		{84530D75-13A5-4BB9-9454-12A1E3FDB5FB}.Release|Any CPU.Build.0 = Release|Any CPU
	EndGlobalSection
	GlobalSection(SolutionProperties) = preSolution
		HideSolutionNode = FALSE
	EndGlobalSection
	GlobalSection(ExtensibilityGlobals) = postSolution
		SolutionGuid = {04805990-BA8E-487F-95F7-BCBD685C241E}
	EndGlobalSection
EndGlobal
